
Microsoft Visual Studio Solution File, Format Version 12.00
# Visual Studio Version 17
VisualStudioVersion = 17.5.33414.496
MinimumVisualStudioVersion = 10.0.40219.1
Project("{9A19103F-16F7-4668-BE54-9A1E7A4F7556}") = "Ophelia", "src\Core\Ophelia\Ophelia.csproj", "{2EF12FCE-854B-4B20-87F3-320C7E00E675}"
EndProject
Project("{2150E333-8FDC-42A3-9474-1A3956D46DE8}") = "Solution Items", "Solution Items", "{FF94B05D-FD37-451E-AC6E-1F5B72AB0732}"
	ProjectSection(SolutionItems) = preProject
		.editorconfig = .editorconfig
	EndProjectSection
EndProject
Project("{9A19103F-16F7-4668-BE54-9A1E7A4F7556}") = "Ophelia.Web", "src\Web\Ophelia.Web\Ophelia.Web.csproj", "{8D715783-3F3F-40AD-9AC1-A338165A9788}"
EndProject
Project("{9A19103F-16F7-4668-BE54-9A1E7A4F7556}") = "Ophelia.Drawing", "src\Drawing\Ophelia.Drawing\Ophelia.Drawing.csproj", "{450722BD-B866-4182-8FD7-9A1CCAF7BEE0}"
EndProject
Project("{2150E333-8FDC-42A3-9474-1A3956D46DE8}") = "src", "src", "{FEAFAB99-7A60-4F93-8E53-A315BFF99C4F}"
EndProject
Project("{2150E333-8FDC-42A3-9474-1A3956D46DE8}") = "test", "test", "{B872D67B-336F-47CE-8F61-8B85BB1D95D2}"
EndProject
Project("{9A19103F-16F7-4668-BE54-9A1E7A4F7556}") = "Ophelia.Data", "src\Data\Ophelia.Data\Ophelia.Data.csproj", "{F7BE284D-11C8-4743-BD96-56B07FD7CB1D}"
EndProject
Project("{2150E333-8FDC-42A3-9474-1A3956D46DE8}") = "Integration", "Integration", "{639D4A27-2F86-4AF7-B1F0-F302651C1058}"
EndProject
Project("{9A19103F-16F7-4668-BE54-9A1E7A4F7556}") = "Ophelia.Integration.Amazon", "src\Integration\Ophelia.Integration.Amazon\Ophelia.Integration.Amazon.csproj", "{46A25E04-0B9D-48C9-9283-78BAF773404C}"
EndProject
Project("{9A19103F-16F7-4668-BE54-9A1E7A4F7556}") = "Ophelia.Integration.Github", "src\Integration\Ophelia.Integration.Github\Ophelia.Integration.Github.csproj", "{3219C317-A4A8-485B-B291-9FA25047A374}"
EndProject
Project("{9A19103F-16F7-4668-BE54-9A1E7A4F7556}") = "Ophelia.Integration.Weather.WeatherAPI", "src\Integration\Ophelia.Integration.Weather.WeatherAPI\Ophelia.Integration.Weather.WeatherAPI.csproj", "{98194ECA-FD1F-4B3B-A345-5E5B62BCE676}"
EndProject
Project("{9A19103F-16F7-4668-BE54-9A1E7A4F7556}") = "Ophelia.Integration.I18NService", "src\Integration\Ophelia.Integration.I18NService\Ophelia.Integration.I18NService.csproj", "{0508CE6D-7C84-46A4-A835-801412548B0E}"
EndProject
Project("{9A19103F-16F7-4668-BE54-9A1E7A4F7556}") = "Ophelia.Integration.CDN.Vimeo", "src\Integration\Ophelia.Integration.Vimeo\Ophelia.Integration.CDN.Vimeo.csproj", "{3F385225-83A4-4B28-A57A-C620D86C410E}"
EndProject
Project("{9A19103F-16F7-4668-BE54-9A1E7A4F7556}") = "Ophelia.Integration.LDAP", "src\Integration\Ophelia.Integration.LDAP\Ophelia.Integration.LDAP.csproj", "{0B0A83E8-EED7-4693-8BBF-026BA5D86EAC}"
EndProject
Project("{9A19103F-16F7-4668-BE54-9A1E7A4F7556}") = "Ophelia.Data.Importer", "src\Data\Ophelia.Data.Importer\Ophelia.Data.Importer.csproj", "{111C28E4-064C-4FD1-89E5-625BD0F1B877}"
EndProject
Project("{9A19103F-16F7-4668-BE54-9A1E7A4F7556}") = "Ophelia.Data.Exporter", "src\Data\Ophelia.Data.Exporter\Ophelia.Data.Exporter.csproj", "{9899B3C1-9B3D-4F44-BB4D-59584297925C}"
EndProject
Project("{9A19103F-16F7-4668-BE54-9A1E7A4F7556}") = "Ophelia.Integration.Notification", "src\Integration\Ophelia.Integration.Notification\Ophelia.Integration.Notification.csproj", "{638E94CE-7B66-40FD-8D69-0DE82C00D684}"
EndProject
Project("{2150E333-8FDC-42A3-9474-1A3956D46DE8}") = "Data", "Data", "{B1516E15-47D1-4376-B68E-AC4577821F67}"
EndProject
Project("{2150E333-8FDC-42A3-9474-1A3956D46DE8}") = "Core", "Core", "{813C8E6F-A2A5-4999-A235-D0E18A59FC0C}"
EndProject
Project("{2150E333-8FDC-42A3-9474-1A3956D46DE8}") = "Drawing", "Drawing", "{017BFF2C-57F2-48F6-A63C-E1D7CA723B7F}"
EndProject
Project("{2150E333-8FDC-42A3-9474-1A3956D46DE8}") = "Web", "Web", "{E81679F8-CD97-4132-B5A5-E9F72CC3A49F}"
EndProject
Project("{9A19103F-16F7-4668-BE54-9A1E7A4F7556}") = "Ophelia.Data.SQLServer", "src\Data\Ophelia.Data.SQLServer\Ophelia.Data.SQLServer.csproj", "{4287D8CF-F81F-4EB4-ADF4-C15D11A996EA}"
EndProject
Project("{9A19103F-16F7-4668-BE54-9A1E7A4F7556}") = "Ophelia.Data.MySQL", "src\Data\Ophelia.Data.MySQL\Ophelia.Data.MySQL.csproj", "{A3D9A10A-A651-4379-977E-89731277F96E}"
EndProject
Project("{9A19103F-16F7-4668-BE54-9A1E7A4F7556}") = "Ophelia.Data.Npgsql", "src\Data\Ophelia.Data.Npgsql\Ophelia.Data.Npgsql.csproj", "{ED5DC6E4-A854-49F8-A404-C84CE06159B3}"
EndProject
Project("{9A19103F-16F7-4668-BE54-9A1E7A4F7556}") = "Ophelia.Data.Oracle", "src\Data\Ophelia.Data.Oracle\Ophelia.Data.Oracle.csproj", "{9B95A550-592A-40C2-8440-016ED6D98EB2}"
EndProject
Project("{9A19103F-16F7-4668-BE54-9A1E7A4F7556}") = "Ophelia.Integration.Redis", "src\Integration\Ophelia.Integration.Redis\Ophelia.Integration.Redis.csproj", "{5EB1C220-6D95-4552-8211-3DB6AFA9C700}"
EndProject
Project("{9A19103F-16F7-4668-BE54-9A1E7A4F7556}") = "OpheliaTests", "test\OpheliaTests\OpheliaTests.csproj", "{837964C4-AADF-4CCC-925E-37FD2642555C}"
EndProject
Project("{9A19103F-16F7-4668-BE54-9A1E7A4F7556}") = "Ophelia.DataTests", "test\Ophelia.DataTests\Ophelia.DataTests.csproj", "{8B3EE11D-1583-43E4-AF82-FB4F646054D0}"
EndProject
Project("{9A19103F-16F7-4668-BE54-9A1E7A4F7556}") = "Ophelia.DrawingTests", "test\Ophelia.DrawingTests\Ophelia.DrawingTests.csproj", "{706CB8D9-D69A-4EBB-A7E5-B74C1BB6EBD0}"
EndProject
Project("{9A19103F-16F7-4668-BE54-9A1E7A4F7556}") = "Ophelia.IntegrationTests", "test\Ophelia.IntegrationTests\Ophelia.IntegrationTests.csproj", "{607CD1D2-A1E5-4164-94B0-FABDDC09FB8B}"
EndProject
Project("{9A19103F-16F7-4668-BE54-9A1E7A4F7556}") = "Ophelia.WebTests", "test\Ophelia.WebTests\Ophelia.WebTests.csproj", "{289ACADC-41E3-44DA-A041-24B157AD7167}"
EndProject
Project("{FAE04EC0-301F-11D3-BF4B-00C04F79EFBC}") = "Ophelia.Integration.Health", "src\Integration\Ophelia.Integration.Health\Ophelia.Integration.Health.csproj", "{97645FC3-6B66-4B53-BA7F-5CC84CE48273}"
EndProject
Global
	GlobalSection(SolutionConfigurationPlatforms) = preSolution
		Debug|Any CPU = Debug|Any CPU
		Release|Any CPU = Release|Any CPU
	EndGlobalSection
	GlobalSection(ProjectConfigurationPlatforms) = postSolution
		{2EF12FCE-854B-4B20-87F3-320C7E00E675}.Debug|Any CPU.ActiveCfg = Debug|Any CPU
		{2EF12FCE-854B-4B20-87F3-320C7E00E675}.Debug|Any CPU.Build.0 = Debug|Any CPU
		{2EF12FCE-854B-4B20-87F3-320C7E00E675}.Release|Any CPU.ActiveCfg = Release|Any CPU
		{2EF12FCE-854B-4B20-87F3-320C7E00E675}.Release|Any CPU.Build.0 = Release|Any CPU
		{8D715783-3F3F-40AD-9AC1-A338165A9788}.Debug|Any CPU.ActiveCfg = Debug|Any CPU
		{8D715783-3F3F-40AD-9AC1-A338165A9788}.Debug|Any CPU.Build.0 = Debug|Any CPU
		{8D715783-3F3F-40AD-9AC1-A338165A9788}.Release|Any CPU.ActiveCfg = Release|Any CPU
		{8D715783-3F3F-40AD-9AC1-A338165A9788}.Release|Any CPU.Build.0 = Release|Any CPU
		{450722BD-B866-4182-8FD7-9A1CCAF7BEE0}.Debug|Any CPU.ActiveCfg = Debug|Any CPU
		{450722BD-B866-4182-8FD7-9A1CCAF7BEE0}.Debug|Any CPU.Build.0 = Debug|Any CPU
		{450722BD-B866-4182-8FD7-9A1CCAF7BEE0}.Release|Any CPU.ActiveCfg = Release|Any CPU
		{450722BD-B866-4182-8FD7-9A1CCAF7BEE0}.Release|Any CPU.Build.0 = Release|Any CPU
		{F7BE284D-11C8-4743-BD96-56B07FD7CB1D}.Debug|Any CPU.ActiveCfg = Debug|Any CPU
		{F7BE284D-11C8-4743-BD96-56B07FD7CB1D}.Debug|Any CPU.Build.0 = Debug|Any CPU
		{F7BE284D-11C8-4743-BD96-56B07FD7CB1D}.Release|Any CPU.ActiveCfg = Release|Any CPU
		{F7BE284D-11C8-4743-BD96-56B07FD7CB1D}.Release|Any CPU.Build.0 = Release|Any CPU
		{46A25E04-0B9D-48C9-9283-78BAF773404C}.Debug|Any CPU.ActiveCfg = Debug|Any CPU
		{46A25E04-0B9D-48C9-9283-78BAF773404C}.Debug|Any CPU.Build.0 = Debug|Any CPU
		{46A25E04-0B9D-48C9-9283-78BAF773404C}.Release|Any CPU.ActiveCfg = Release|Any CPU
		{46A25E04-0B9D-48C9-9283-78BAF773404C}.Release|Any CPU.Build.0 = Release|Any CPU
		{3219C317-A4A8-485B-B291-9FA25047A374}.Debug|Any CPU.ActiveCfg = Debug|Any CPU
		{3219C317-A4A8-485B-B291-9FA25047A374}.Debug|Any CPU.Build.0 = Debug|Any CPU
		{3219C317-A4A8-485B-B291-9FA25047A374}.Release|Any CPU.ActiveCfg = Release|Any CPU
		{3219C317-A4A8-485B-B291-9FA25047A374}.Release|Any CPU.Build.0 = Release|Any CPU
		{98194ECA-FD1F-4B3B-A345-5E5B62BCE676}.Debug|Any CPU.ActiveCfg = Debug|Any CPU
		{98194ECA-FD1F-4B3B-A345-5E5B62BCE676}.Debug|Any CPU.Build.0 = Debug|Any CPU
		{98194ECA-FD1F-4B3B-A345-5E5B62BCE676}.Release|Any CPU.ActiveCfg = Release|Any CPU
		{98194ECA-FD1F-4B3B-A345-5E5B62BCE676}.Release|Any CPU.Build.0 = Release|Any CPU
		{0508CE6D-7C84-46A4-A835-801412548B0E}.Debug|Any CPU.ActiveCfg = Debug|Any CPU
		{0508CE6D-7C84-46A4-A835-801412548B0E}.Debug|Any CPU.Build.0 = Debug|Any CPU
		{0508CE6D-7C84-46A4-A835-801412548B0E}.Release|Any CPU.ActiveCfg = Release|Any CPU
		{0508CE6D-7C84-46A4-A835-801412548B0E}.Release|Any CPU.Build.0 = Release|Any CPU
		{3F385225-83A4-4B28-A57A-C620D86C410E}.Debug|Any CPU.ActiveCfg = Debug|Any CPU
		{3F385225-83A4-4B28-A57A-C620D86C410E}.Debug|Any CPU.Build.0 = Debug|Any CPU
		{3F385225-83A4-4B28-A57A-C620D86C410E}.Release|Any CPU.ActiveCfg = Release|Any CPU
		{3F385225-83A4-4B28-A57A-C620D86C410E}.Release|Any CPU.Build.0 = Release|Any CPU
		{0B0A83E8-EED7-4693-8BBF-026BA5D86EAC}.Debug|Any CPU.ActiveCfg = Debug|Any CPU
		{0B0A83E8-EED7-4693-8BBF-026BA5D86EAC}.Debug|Any CPU.Build.0 = Debug|Any CPU
		{0B0A83E8-EED7-4693-8BBF-026BA5D86EAC}.Release|Any CPU.ActiveCfg = Release|Any CPU
		{0B0A83E8-EED7-4693-8BBF-026BA5D86EAC}.Release|Any CPU.Build.0 = Release|Any CPU
		{111C28E4-064C-4FD1-89E5-625BD0F1B877}.Debug|Any CPU.ActiveCfg = Debug|Any CPU
		{111C28E4-064C-4FD1-89E5-625BD0F1B877}.Debug|Any CPU.Build.0 = Debug|Any CPU
		{111C28E4-064C-4FD1-89E5-625BD0F1B877}.Release|Any CPU.ActiveCfg = Release|Any CPU
		{111C28E4-064C-4FD1-89E5-625BD0F1B877}.Release|Any CPU.Build.0 = Release|Any CPU
		{9899B3C1-9B3D-4F44-BB4D-59584297925C}.Debug|Any CPU.ActiveCfg = Debug|Any CPU
		{9899B3C1-9B3D-4F44-BB4D-59584297925C}.Debug|Any CPU.Build.0 = Debug|Any CPU
		{9899B3C1-9B3D-4F44-BB4D-59584297925C}.Release|Any CPU.ActiveCfg = Release|Any CPU
		{9899B3C1-9B3D-4F44-BB4D-59584297925C}.Release|Any CPU.Build.0 = Release|Any CPU
		{638E94CE-7B66-40FD-8D69-0DE82C00D684}.Debug|Any CPU.ActiveCfg = Debug|Any CPU
		{638E94CE-7B66-40FD-8D69-0DE82C00D684}.Debug|Any CPU.Build.0 = Debug|Any CPU
		{638E94CE-7B66-40FD-8D69-0DE82C00D684}.Release|Any CPU.ActiveCfg = Release|Any CPU
		{638E94CE-7B66-40FD-8D69-0DE82C00D684}.Release|Any CPU.Build.0 = Release|Any CPU
		{4287D8CF-F81F-4EB4-ADF4-C15D11A996EA}.Debug|Any CPU.ActiveCfg = Debug|Any CPU
		{4287D8CF-F81F-4EB4-ADF4-C15D11A996EA}.Debug|Any CPU.Build.0 = Debug|Any CPU
		{4287D8CF-F81F-4EB4-ADF4-C15D11A996EA}.Release|Any CPU.ActiveCfg = Release|Any CPU
		{4287D8CF-F81F-4EB4-ADF4-C15D11A996EA}.Release|Any CPU.Build.0 = Release|Any CPU
		{A3D9A10A-A651-4379-977E-89731277F96E}.Debug|Any CPU.ActiveCfg = Debug|Any CPU
		{A3D9A10A-A651-4379-977E-89731277F96E}.Debug|Any CPU.Build.0 = Debug|Any CPU
		{A3D9A10A-A651-4379-977E-89731277F96E}.Release|Any CPU.ActiveCfg = Release|Any CPU
		{A3D9A10A-A651-4379-977E-89731277F96E}.Release|Any CPU.Build.0 = Release|Any CPU
		{ED5DC6E4-A854-49F8-A404-C84CE06159B3}.Debug|Any CPU.ActiveCfg = Debug|Any CPU
		{ED5DC6E4-A854-49F8-A404-C84CE06159B3}.Debug|Any CPU.Build.0 = Debug|Any CPU
		{ED5DC6E4-A854-49F8-A404-C84CE06159B3}.Release|Any CPU.ActiveCfg = Release|Any CPU
		{ED5DC6E4-A854-49F8-A404-C84CE06159B3}.Release|Any CPU.Build.0 = Release|Any CPU
		{9B95A550-592A-40C2-8440-016ED6D98EB2}.Debug|Any CPU.ActiveCfg = Debug|Any CPU
		{9B95A550-592A-40C2-8440-016ED6D98EB2}.Debug|Any CPU.Build.0 = Debug|Any CPU
		{9B95A550-592A-40C2-8440-016ED6D98EB2}.Release|Any CPU.ActiveCfg = Release|Any CPU
		{9B95A550-592A-40C2-8440-016ED6D98EB2}.Release|Any CPU.Build.0 = Release|Any CPU
		{5EB1C220-6D95-4552-8211-3DB6AFA9C700}.Debug|Any CPU.ActiveCfg = Debug|Any CPU
		{5EB1C220-6D95-4552-8211-3DB6AFA9C700}.Debug|Any CPU.Build.0 = Debug|Any CPU
		{5EB1C220-6D95-4552-8211-3DB6AFA9C700}.Release|Any CPU.ActiveCfg = Release|Any CPU
		{5EB1C220-6D95-4552-8211-3DB6AFA9C700}.Release|Any CPU.Build.0 = Release|Any CPU
		{837964C4-AADF-4CCC-925E-37FD2642555C}.Debug|Any CPU.ActiveCfg = Debug|Any CPU
		{837964C4-AADF-4CCC-925E-37FD2642555C}.Debug|Any CPU.Build.0 = Debug|Any CPU
		{837964C4-AADF-4CCC-925E-37FD2642555C}.Release|Any CPU.ActiveCfg = Release|Any CPU
		{837964C4-AADF-4CCC-925E-37FD2642555C}.Release|Any CPU.Build.0 = Release|Any CPU
		{8B3EE11D-1583-43E4-AF82-FB4F646054D0}.Debug|Any CPU.ActiveCfg = Debug|Any CPU
		{8B3EE11D-1583-43E4-AF82-FB4F646054D0}.Debug|Any CPU.Build.0 = Debug|Any CPU
		{8B3EE11D-1583-43E4-AF82-FB4F646054D0}.Release|Any CPU.ActiveCfg = Release|Any CPU
		{8B3EE11D-1583-43E4-AF82-FB4F646054D0}.Release|Any CPU.Build.0 = Release|Any CPU
		{706CB8D9-D69A-4EBB-A7E5-B74C1BB6EBD0}.Debug|Any CPU.ActiveCfg = Debug|Any CPU
		{706CB8D9-D69A-4EBB-A7E5-B74C1BB6EBD0}.Debug|Any CPU.Build.0 = Debug|Any CPU
		{706CB8D9-D69A-4EBB-A7E5-B74C1BB6EBD0}.Release|Any CPU.ActiveCfg = Release|Any CPU
		{706CB8D9-D69A-4EBB-A7E5-B74C1BB6EBD0}.Release|Any CPU.Build.0 = Release|Any CPU
		{607CD1D2-A1E5-4164-94B0-FABDDC09FB8B}.Debug|Any CPU.ActiveCfg = Debug|Any CPU
		{607CD1D2-A1E5-4164-94B0-FABDDC09FB8B}.Debug|Any CPU.Build.0 = Debug|Any CPU
		{607CD1D2-A1E5-4164-94B0-FABDDC09FB8B}.Release|Any CPU.ActiveCfg = Release|Any CPU
		{607CD1D2-A1E5-4164-94B0-FABDDC09FB8B}.Release|Any CPU.Build.0 = Release|Any CPU
		{289ACADC-41E3-44DA-A041-24B157AD7167}.Debug|Any CPU.ActiveCfg = Debug|Any CPU
		{289ACADC-41E3-44DA-A041-24B157AD7167}.Debug|Any CPU.Build.0 = Debug|Any CPU
		{289ACADC-41E3-44DA-A041-24B157AD7167}.Release|Any CPU.ActiveCfg = Release|Any CPU
		{289ACADC-41E3-44DA-A041-24B157AD7167}.Release|Any CPU.Build.0 = Release|Any CPU
		{97645FC3-6B66-4B53-BA7F-5CC84CE48273}.Debug|Any CPU.ActiveCfg = Debug|Any CPU
		{97645FC3-6B66-4B53-BA7F-5CC84CE48273}.Debug|Any CPU.Build.0 = Debug|Any CPU
		{97645FC3-6B66-4B53-BA7F-5CC84CE48273}.Release|Any CPU.ActiveCfg = Release|Any CPU
		{97645FC3-6B66-4B53-BA7F-5CC84CE48273}.Release|Any CPU.Build.0 = Release|Any CPU
	EndGlobalSection
	GlobalSection(SolutionProperties) = preSolution
		HideSolutionNode = FALSE
	EndGlobalSection
	GlobalSection(NestedProjects) = preSolution
		{2EF12FCE-854B-4B20-87F3-320C7E00E675} = {813C8E6F-A2A5-4999-A235-D0E18A59FC0C}
		{8D715783-3F3F-40AD-9AC1-A338165A9788} = {E81679F8-CD97-4132-B5A5-E9F72CC3A49F}
		{450722BD-B866-4182-8FD7-9A1CCAF7BEE0} = {017BFF2C-57F2-48F6-A63C-E1D7CA723B7F}
		{F7BE284D-11C8-4743-BD96-56B07FD7CB1D} = {B1516E15-47D1-4376-B68E-AC4577821F67}
		{639D4A27-2F86-4AF7-B1F0-F302651C1058} = {FEAFAB99-7A60-4F93-8E53-A315BFF99C4F}
		{46A25E04-0B9D-48C9-9283-78BAF773404C} = {639D4A27-2F86-4AF7-B1F0-F302651C1058}
		{3219C317-A4A8-485B-B291-9FA25047A374} = {639D4A27-2F86-4AF7-B1F0-F302651C1058}
		{98194ECA-FD1F-4B3B-A345-5E5B62BCE676} = {639D4A27-2F86-4AF7-B1F0-F302651C1058}
		{0508CE6D-7C84-46A4-A835-801412548B0E} = {639D4A27-2F86-4AF7-B1F0-F302651C1058}
		{3F385225-83A4-4B28-A57A-C620D86C410E} = {639D4A27-2F86-4AF7-B1F0-F302651C1058}
		{0B0A83E8-EED7-4693-8BBF-026BA5D86EAC} = {639D4A27-2F86-4AF7-B1F0-F302651C1058}
		{111C28E4-064C-4FD1-89E5-625BD0F1B877} = {B1516E15-47D1-4376-B68E-AC4577821F67}
		{9899B3C1-9B3D-4F44-BB4D-59584297925C} = {B1516E15-47D1-4376-B68E-AC4577821F67}
		{638E94CE-7B66-40FD-8D69-0DE82C00D684} = {639D4A27-2F86-4AF7-B1F0-F302651C1058}
		{B1516E15-47D1-4376-B68E-AC4577821F67} = {FEAFAB99-7A60-4F93-8E53-A315BFF99C4F}
		{813C8E6F-A2A5-4999-A235-D0E18A59FC0C} = {FEAFAB99-7A60-4F93-8E53-A315BFF99C4F}
		{017BFF2C-57F2-48F6-A63C-E1D7CA723B7F} = {FEAFAB99-7A60-4F93-8E53-A315BFF99C4F}
		{E81679F8-CD97-4132-B5A5-E9F72CC3A49F} = {FEAFAB99-7A60-4F93-8E53-A315BFF99C4F}
		{4287D8CF-F81F-4EB4-ADF4-C15D11A996EA} = {B1516E15-47D1-4376-B68E-AC4577821F67}
		{A3D9A10A-A651-4379-977E-89731277F96E} = {B1516E15-47D1-4376-B68E-AC4577821F67}
		{ED5DC6E4-A854-49F8-A404-C84CE06159B3} = {B1516E15-47D1-4376-B68E-AC4577821F67}
		{9B95A550-592A-40C2-8440-016ED6D98EB2} = {B1516E15-47D1-4376-B68E-AC4577821F67}
		{5EB1C220-6D95-4552-8211-3DB6AFA9C700} = {639D4A27-2F86-4AF7-B1F0-F302651C1058}
		{837964C4-AADF-4CCC-925E-37FD2642555C} = {B872D67B-336F-47CE-8F61-8B85BB1D95D2}
		{8B3EE11D-1583-43E4-AF82-FB4F646054D0} = {B872D67B-336F-47CE-8F61-8B85BB1D95D2}
		{706CB8D9-D69A-4EBB-A7E5-B74C1BB6EBD0} = {B872D67B-336F-47CE-8F61-8B85BB1D95D2}
		{607CD1D2-A1E5-4164-94B0-FABDDC09FB8B} = {B872D67B-336F-47CE-8F61-8B85BB1D95D2}
		{289ACADC-41E3-44DA-A041-24B157AD7167} = {B872D67B-336F-47CE-8F61-8B85BB1D95D2}
		{97645FC3-6B66-4B53-BA7F-5CC84CE48273} = {639D4A27-2F86-4AF7-B1F0-F302651C1058}
	EndGlobalSection
	GlobalSection(ExtensibilityGlobals) = postSolution
		SolutionGuid = {2969838D-0DAF-4DE7-9620-3BA33BD1287C}
	EndGlobalSection
EndGlobal
